
Microsoft Visual Studio Solution File, Format Version 12.00
# Visual Studio Version 17
VisualStudioVersion = 17.14.36310.24
MinimumVisualStudioVersion = 10.0.40219.1
Project("{FAE04EC0-301F-11D3-BF4B-00C04F79EFBC}") = "LJA.FinancialTransaction.Api", "LJA.FinancialTransaction.Api\LJA.FinancialTransaction.Api.csproj", "{F7E8E118-B498-4D2E-9F13-356CB9E918CF}"
EndProject
Project("{FAE04EC0-301F-11D3-BF4B-00C04F79EFBC}") = "LJA.FinancialTransaction.Models", "LJA.FinancialTransaction.Models\LJA.FinancialTransaction.Models.csproj", "{5F1B0966-1566-4F42-AA7E-5A6705FBF387}"
EndProject
Project("{FAE04EC0-301F-11D3-BF4B-00C04F79EFBC}") = "LJA.Shared", "LJA.Shared\LJA.Shared.csproj", "{C59A2CF7-4ACB-41B1-B16E-56ABBD2276B3}"
EndProject
Project("{FAE04EC0-301F-11D3-BF4B-00C04F79EFBC}") = "LJA.FinancialTransaction.Domain", "LJA.FinancialTransaction.Domain\LJA.FinancialTransaction.Domain.csproj", "{35E47D86-BFA2-41EF-ACA0-2C3999A66732}"
EndProject
Project("{FAE04EC0-301F-11D3-BF4B-00C04F79EFBC}") = "LJA.FinancialTransaction.Persistence", "LJA.FinancialTransaction.Persistence\LJA.FinancialTransaction.Persistence.csproj", "{0F653E92-F2F3-484E-89BD-7557040ADE43}"
EndProject
Project("{FAE04EC0-301F-11D3-BF4B-00C04F79EFBC}") = "LJA.FinancialTransaction.Infrastructure", "LJA.FinancialTransaction.Infrastructure\LJA.FinancialTransaction.Infrastructure.csproj", "{E38BA6D4-00E8-43A3-9787-44CD6447FF6B}"
EndProject
Project("{FAE04EC0-301F-11D3-BF4B-00C04F79EFBC}") = "LJA.FinancialTransaction.Services", "LJA.FinancialTransaction.Services\LJA.FinancialTransaction.Services.csproj", "{BFAC94DE-1ADA-4337-8D72-2FA8A479E6D0}"
EndProject
Global
	GlobalSection(SolutionConfigurationPlatforms) = preSolution
		Debug|Any CPU = Debug|Any CPU
		Release|Any CPU = Release|Any CPU
	EndGlobalSection
	GlobalSection(ProjectConfigurationPlatforms) = postSolution
		{F7E8E118-B498-4D2E-9F13-356CB9E918CF}.Debug|Any CPU.ActiveCfg = Debug|Any CPU
		{F7E8E118-B498-4D2E-9F13-356CB9E918CF}.Debug|Any CPU.Build.0 = Debug|Any CPU
		{F7E8E118-B498-4D2E-9F13-356CB9E918CF}.Release|Any CPU.ActiveCfg = Release|Any CPU
		{F7E8E118-B498-4D2E-9F13-356CB9E918CF}.Release|Any CPU.Build.0 = Release|Any CPU
		{5F1B0966-1566-4F42-AA7E-5A6705FBF387}.Debug|Any CPU.ActiveCfg = Debug|Any CPU
		{5F1B0966-1566-4F42-AA7E-5A6705FBF387}.Debug|Any CPU.Build.0 = Debug|Any CPU
		{5F1B0966-1566-4F42-AA7E-5A6705FBF387}.Release|Any CPU.ActiveCfg = Release|Any CPU
		{5F1B0966-1566-4F42-AA7E-5A6705FBF387}.Release|Any CPU.Build.0 = Release|Any CPU
		{C59A2CF7-4ACB-41B1-B16E-56ABBD2276B3}.Debug|Any CPU.ActiveCfg = Debug|Any CPU
		{C59A2CF7-4ACB-41B1-B16E-56ABBD2276B3}.Debug|Any CPU.Build.0 = Debug|Any CPU
		{C59A2CF7-4ACB-41B1-B16E-56ABBD2276B3}.Release|Any CPU.ActiveCfg = Release|Any CPU
		{C59A2CF7-4ACB-41B1-B16E-56ABBD2276B3}.Release|Any CPU.Build.0 = Release|Any CPU
		{35E47D86-BFA2-41EF-ACA0-2C3999A66732}.Debug|Any CPU.ActiveCfg = Debug|Any CPU
		{35E47D86-BFA2-41EF-ACA0-2C3999A66732}.Debug|Any CPU.Build.0 = Debug|Any CPU
		{35E47D86-BFA2-41EF-ACA0-2C3999A66732}.Release|Any CPU.ActiveCfg = Release|Any CPU
		{35E47D86-BFA2-41EF-ACA0-2C3999A66732}.Release|Any CPU.Build.0 = Release|Any CPU
		{0F653E92-F2F3-484E-89BD-7557040ADE43}.Debug|Any CPU.ActiveCfg = Debug|Any CPU
		{0F653E92-F2F3-484E-89BD-7557040ADE43}.Debug|Any CPU.Build.0 = Debug|Any CPU
		{0F653E92-F2F3-484E-89BD-7557040ADE43}.Release|Any CPU.ActiveCfg = Release|Any CPU
		{0F653E92-F2F3-484E-89BD-7557040ADE43}.Release|Any CPU.Build.0 = Release|Any CPU
		{E38BA6D4-00E8-43A3-9787-44CD6447FF6B}.Debug|Any CPU.ActiveCfg = Debug|Any CPU
		{E38BA6D4-00E8-43A3-9787-44CD6447FF6B}.Debug|Any CPU.Build.0 = Debug|Any CPU
		{E38BA6D4-00E8-43A3-9787-44CD6447FF6B}.Release|Any CPU.ActiveCfg = Release|Any CPU
		{E38BA6D4-00E8-43A3-9787-44CD6447FF6B}.Release|Any CPU.Build.0 = Release|Any CPU
		{BFAC94DE-1ADA-4337-8D72-2FA8A479E6D0}.Debug|Any CPU.ActiveCfg = Debug|Any CPU
		{BFAC94DE-1ADA-4337-8D72-2FA8A479E6D0}.Debug|Any CPU.Build.0 = Debug|Any CPU
		{BFAC94DE-1ADA-4337-8D72-2FA8A479E6D0}.Release|Any CPU.ActiveCfg = Release|Any CPU
		{BFAC94DE-1ADA-4337-8D72-2FA8A479E6D0}.Release|Any CPU.Build.0 = Release|Any CPU
	EndGlobalSection
	GlobalSection(SolutionProperties) = preSolution
		HideSolutionNode = FALSE
	EndGlobalSection
	GlobalSection(ExtensibilityGlobals) = postSolution
		SolutionGuid = {C8BF17ED-FE11-4690-B270-D2B5926161DC}
	EndGlobalSection
EndGlobal
